
Microsoft Visual Studio Solution File, Format Version 12.00
# Visual Studio 15
VisualStudioVersion = 15.0.28307.136
MinimumVisualStudioVersion = 10.0.40219.1
Project("{FAE04EC0-301F-11D3-BF4B-00C04F79EFBC}") = "1", "1\1.csproj", "{EB8B3504-76D3-48A7-B712-B3CD3E8863A5}"
EndProject
Global
	GlobalSection(SolutionConfigurationPlatforms) = preSolution
		Debug|Any CPU = Debug|Any CPU
		Release|Any CPU = Release|Any CPU
	EndGlobalSection
	GlobalSection(ProjectConfigurationPlatforms) = postSolution
		{EB8B3504-76D3-48A7-B712-B3CD3E8863A5}.Debug|Any CPU.ActiveCfg = Debug|Any CPU
		{EB8B3504-76D3-48A7-B712-B3CD3E8863A5}.Debug|Any CPU.Build.0 = Debug|Any CPU
		{EB8B3504-76D3-48A7-B712-B3CD3E8863A5}.Release|Any CPU.ActiveCfg = Release|Any CPU
		{EB8B3504-76D3-48A7-B712-B3CD3E8863A5}.Release|Any CPU.Build.0 = Release|Any CPU
	EndGlobalSection
	GlobalSection(SolutionProperties) = preSolution
		HideSolutionNode = FALSE
	EndGlobalSection
	GlobalSection(ExtensibilityGlobals) = postSolution
		SolutionGuid = {A2C30412-EAD1-47C7-8F75-73E86F6AC066}
	EndGlobalSection
EndGlobal
